
Microsoft Visual Studio Solution File, Format Version 12.00
# Visual Studio Version 16
VisualStudioVersion = 16.0.30907.101
MinimumVisualStudioVersion = 10.0.40219.1
Project("{9A19103F-16F7-4668-BE54-9A1E7A4F7556}") = "mslearn-azurewebapp", "mslearn-azurewebapp.csproj", "{08A77E94-2EF0-4571-8C4D-6C3511FBFE1A}"
EndProject
Global
	GlobalSection(SolutionConfigurationPlatforms) = preSolution
		Debug|Any CPU = Debug|Any CPU
		Release|Any CPU = Release|Any CPU
	EndGlobalSection
	GlobalSection(ProjectConfigurationPlatforms) = postSolution
		{08A77E94-2EF0-4571-8C4D-6C3511FBFE1A}.Debug|Any CPU.ActiveCfg = Debug|Any CPU
		{08A77E94-2EF0-4571-8C4D-6C3511FBFE1A}.Debug|Any CPU.Build.0 = Debug|Any CPU
		{08A77E94-2EF0-4571-8C4D-6C3511FBFE1A}.Release|Any CPU.ActiveCfg = Release|Any CPU
		{08A77E94-2EF0-4571-8C4D-6C3511FBFE1A}.Release|Any CPU.Build.0 = Release|Any CPU
	EndGlobalSection
	GlobalSection(SolutionProperties) = preSolution
		HideSolutionNode = FALSE
	EndGlobalSection
	GlobalSection(ExtensibilityGlobals) = postSolution
		SolutionGuid = {98E4951D-5234-4398-8294-6F2E0636D3B4}
	EndGlobalSection
EndGlobal
